
Microsoft Visual Studio Solution File, Format Version 12.00
# Visual Studio 2012
Project("{FAE04EC0-301F-11D3-BF4B-00C04F79EFBC}") = "RYL2Admin", "RYL2Admin\RYL2Admin.csproj", "{61BC79D2-5A58-433C-B2C7-D7EA47356737}"
EndProject
Global
	GlobalSection(SolutionConfigurationPlatforms) = preSolution
		Debug|Any CPU = Debug|Any CPU
		Release|Any CPU = Release|Any CPU
	EndGlobalSection
	GlobalSection(ProjectConfigurationPlatforms) = postSolution
		{61BC79D2-5A58-433C-B2C7-D7EA47356737}.Debug|Any CPU.ActiveCfg = Debug|Any CPU
		{61BC79D2-5A58-433C-B2C7-D7EA47356737}.Debug|Any CPU.Build.0 = Debug|Any CPU
		{61BC79D2-5A58-433C-B2C7-D7EA47356737}.Release|Any CPU.ActiveCfg = Release|Any CPU
		{61BC79D2-5A58-433C-B2C7-D7EA47356737}.Release|Any CPU.Build.0 = Release|Any CPU
	EndGlobalSection
	GlobalSection(SolutionProperties) = preSolution
		HideSolutionNode = FALSE
	EndGlobalSection
EndGlobal
